
Microsoft Visual Studio Solution File, Format Version 12.00
# Visual Studio 14
VisualStudioVersion = 14.0.25420.1
MinimumVisualStudioVersion = 10.0.40219.1
Project("{8BC9CEB8-8B4A-11D0-8D11-00A0C91BC942}") = "GlobalMemory", "GlobalMemory\GlobalMemory.vcxproj", "{31A9F478-B2E2-444E-B786-EF9A9EF28148}"
EndProject
Project("{8BC9CEB8-8B4A-11D0-8D11-00A0C91BC942}") = "StaticGlobalMemory", "StaticGlobalMemory\StaticGlobalMemory.vcxproj", "{D36E2947-4715-4B1F-AD54-704178696011}"
EndProject
Project("{8BC9CEB8-8B4A-11D0-8D11-00A0C91BC942}") = "SimpleMemoryTransfer", "SimpleMemoryTransfer\SimpleMemoryTransfer.vcxproj", "{0343F5D5-A360-4C66-84D6-8220D3604DEC}"
EndProject
Project("{8BC9CEB8-8B4A-11D0-8D11-00A0C91BC942}") = "PinnedMemoryTransfer", "PinnedMemoryTransfer\PinnedMemoryTransfer.vcxproj", "{E689F194-1F7B-44C5-A980-781630E103D1}"
EndProject
Project("{8BC9CEB8-8B4A-11D0-8D11-00A0C91BC942}") = "SumArrayZerocopy", "SumArrayZerocopy\SumArrayZerocopy.vcxproj", "{D241A039-A1A0-4058-815D-F8CF24AF8237}"
EndProject
Project("{8BC9CEB8-8B4A-11D0-8D11-00A0C91BC942}") = "UnifiedVirtualAddressing", "UnifiedVirtualAddressing\UnifiedVirtualAddressing.vcxproj", "{505B98CB-54F0-4F08-BFC5-2C97BA17D35E}"
EndProject
Project("{8BC9CEB8-8B4A-11D0-8D11-00A0C91BC942}") = "ReadMemoryWithOffset", "ReadMemoryWithOffset\ReadMemoryWithOffset.vcxproj", "{B3361754-610C-4D24-B7D2-DB9B67373474}"
EndProject
Project("{8BC9CEB8-8B4A-11D0-8D11-00A0C91BC942}") = "SimpleMathAoS", "SimpleMathAoS\SimpleMathAoS.vcxproj", "{FEA824EB-2275-41A4-823C-FAEC0146F11F}"
EndProject
Project("{2150E333-8FDC-42A3-9474-1A3956D46DE8}") = "Chapter5_Constant_memory_and_shared_memory", "Chapter5_Constant_memory_and_shared_memory", "{EA871164-8504-4A6B-BEF9-0A56C796424A}"
EndProject
Project("{8BC9CEB8-8B4A-11D0-8D11-00A0C91BC942}") = "CheckSmemRectangle", "Chapter5\CheckSmemRectangle\CheckSmemRectangle.vcxproj", "{D1576716-220A-42B9-9542-C7CDB2D4E35C}"
EndProject
Project("{2150E333-8FDC-42A3-9474-1A3956D46DE8}") = "Chapter8_CUDA_Library_and_OpenACC", "Chapter8_CUDA_Library_and_OpenACC", "{525F13B0-0FBC-4EE5-A108-73D5EEE31D29}"
EndProject
Project("{8BC9CEB8-8B4A-11D0-8D11-00A0C91BC942}") = "CUDASPARSE", "CUDASPARSE\CUDASPARSE.vcxproj", "{5B45B8D3-6015-4CC2-B81D-DA3BEAC0CEB6}"
EndProject
Project("{8BC9CEB8-8B4A-11D0-8D11-00A0C91BC942}") = "Common", "..\Common\Common\Common.vcxproj", "{AEFAC7F2-D85A-469C-9E42-8488DABE938B}"
EndProject
Project("{2150E333-8FDC-42A3-9474-1A3956D46DE8}") = "Common", "Common", "{9963485D-89C6-44A3-8284-363B510A61BC}"
EndProject
Project("{8BC9CEB8-8B4A-11D0-8D11-00A0C91BC942}") = "cuBLAS", "Chapter8\cuBLAS\cuBLAS.vcxproj", "{AF1DF087-20B2-40DB-B6D8-2B875703EC69}"
EndProject
Project("{8BC9CEB8-8B4A-11D0-8D11-00A0C91BC942}") = "cuFFT", "Chapter8\cuFFT\cuFFT.vcxproj", "{E85E74E5-E8E5-4E37-A7E2-1B6BBA96A185}"
EndProject
Global
	GlobalSection(SolutionConfigurationPlatforms) = preSolution
		Debug|x64 = Debug|x64
		Debug|x86 = Debug|x86
		Release|x64 = Release|x64
		Release|x86 = Release|x86
	EndGlobalSection
	GlobalSection(ProjectConfigurationPlatforms) = postSolution
		{31A9F478-B2E2-444E-B786-EF9A9EF28148}.Debug|x64.ActiveCfg = Debug|x64
		{31A9F478-B2E2-444E-B786-EF9A9EF28148}.Debug|x64.Build.0 = Debug|x64
		{31A9F478-B2E2-444E-B786-EF9A9EF28148}.Debug|x86.ActiveCfg = Debug|Win32
		{31A9F478-B2E2-444E-B786-EF9A9EF28148}.Debug|x86.Build.0 = Debug|Win32
		{31A9F478-B2E2-444E-B786-EF9A9EF28148}.Release|x64.ActiveCfg = Release|x64
		{31A9F478-B2E2-444E-B786-EF9A9EF28148}.Release|x64.Build.0 = Release|x64
		{31A9F478-B2E2-444E-B786-EF9A9EF28148}.Release|x86.ActiveCfg = Release|Win32
		{31A9F478-B2E2-444E-B786-EF9A9EF28148}.Release|x86.Build.0 = Release|Win32
		{D36E2947-4715-4B1F-AD54-704178696011}.Debug|x64.ActiveCfg = Debug|x64
		{D36E2947-4715-4B1F-AD54-704178696011}.Debug|x64.Build.0 = Debug|x64
		{D36E2947-4715-4B1F-AD54-704178696011}.Debug|x86.ActiveCfg = Debug|Win32
		{D36E2947-4715-4B1F-AD54-704178696011}.Debug|x86.Build.0 = Debug|Win32
		{D36E2947-4715-4B1F-AD54-704178696011}.Release|x64.ActiveCfg = Release|x64
		{D36E2947-4715-4B1F-AD54-704178696011}.Release|x64.Build.0 = Release|x64
		{D36E2947-4715-4B1F-AD54-704178696011}.Release|x86.ActiveCfg = Release|Win32
		{D36E2947-4715-4B1F-AD54-704178696011}.Release|x86.Build.0 = Release|Win32
		{0343F5D5-A360-4C66-84D6-8220D3604DEC}.Debug|x64.ActiveCfg = Debug|x64
		{0343F5D5-A360-4C66-84D6-8220D3604DEC}.Debug|x64.Build.0 = Debug|x64
		{0343F5D5-A360-4C66-84D6-8220D3604DEC}.Debug|x86.ActiveCfg = Debug|Win32
		{0343F5D5-A360-4C66-84D6-8220D3604DEC}.Debug|x86.Build.0 = Debug|Win32
		{0343F5D5-A360-4C66-84D6-8220D3604DEC}.Release|x64.ActiveCfg = Release|x64
		{0343F5D5-A360-4C66-84D6-8220D3604DEC}.Release|x64.Build.0 = Release|x64
		{0343F5D5-A360-4C66-84D6-8220D3604DEC}.Release|x86.ActiveCfg = Release|Win32
		{0343F5D5-A360-4C66-84D6-8220D3604DEC}.Release|x86.Build.0 = Release|Win32
		{E689F194-1F7B-44C5-A980-781630E103D1}.Debug|x64.ActiveCfg = Debug|x64
		{E689F194-1F7B-44C5-A980-781630E103D1}.Debug|x64.Build.0 = Debug|x64
		{E689F194-1F7B-44C5-A980-781630E103D1}.Debug|x86.ActiveCfg = Debug|Win32
		{E689F194-1F7B-44C5-A980-781630E103D1}.Debug|x86.Build.0 = Debug|Win32
		{E689F194-1F7B-44C5-A980-781630E103D1}.Release|x64.ActiveCfg = Release|x64
		{E689F194-1F7B-44C5-A980-781630E103D1}.Release|x64.Build.0 = Release|x64
		{E689F194-1F7B-44C5-A980-781630E103D1}.Release|x86.ActiveCfg = Release|Win32
		{E689F194-1F7B-44C5-A980-781630E103D1}.Release|x86.Build.0 = Release|Win32
		{D241A039-A1A0-4058-815D-F8CF24AF8237}.Debug|x64.ActiveCfg = Debug|x64
		{D241A039-A1A0-4058-815D-F8CF24AF8237}.Debug|x64.Build.0 = Debug|x64
		{D241A039-A1A0-4058-815D-F8CF24AF8237}.Debug|x86.ActiveCfg = Debug|Win32
		{D241A039-A1A0-4058-815D-F8CF24AF8237}.Debug|x86.Build.0 = Debug|Win32
		{D241A039-A1A0-4058-815D-F8CF24AF8237}.Release|x64.ActiveCfg = Release|x64
		{D241A039-A1A0-4058-815D-F8CF24AF8237}.Release|x64.Build.0 = Release|x64
		{D241A039-A1A0-4058-815D-F8CF24AF8237}.Release|x86.ActiveCfg = Release|Win32
		{D241A039-A1A0-4058-815D-F8CF24AF8237}.Release|x86.Build.0 = Release|Win32
		{505B98CB-54F0-4F08-BFC5-2C97BA17D35E}.Debug|x64.ActiveCfg = Debug|x64
		{505B98CB-54F0-4F08-BFC5-2C97BA17D35E}.Debug|x64.Build.0 = Debug|x64
		{505B98CB-54F0-4F08-BFC5-2C97BA17D35E}.Debug|x86.ActiveCfg = Debug|Win32
		{505B98CB-54F0-4F08-BFC5-2C97BA17D35E}.Debug|x86.Build.0 = Debug|Win32
		{505B98CB-54F0-4F08-BFC5-2C97BA17D35E}.Release|x64.ActiveCfg = Release|x64
		{505B98CB-54F0-4F08-BFC5-2C97BA17D35E}.Release|x64.Build.0 = Release|x64
		{505B98CB-54F0-4F08-BFC5-2C97BA17D35E}.Release|x86.ActiveCfg = Release|Win32
		{505B98CB-54F0-4F08-BFC5-2C97BA17D35E}.Release|x86.Build.0 = Release|Win32
		{B3361754-610C-4D24-B7D2-DB9B67373474}.Debug|x64.ActiveCfg = Debug|x64
		{B3361754-610C-4D24-B7D2-DB9B67373474}.Debug|x64.Build.0 = Debug|x64
		{B3361754-610C-4D24-B7D2-DB9B67373474}.Debug|x86.ActiveCfg = Debug|Win32
		{B3361754-610C-4D24-B7D2-DB9B67373474}.Debug|x86.Build.0 = Debug|Win32
		{B3361754-610C-4D24-B7D2-DB9B67373474}.Release|x64.ActiveCfg = Release|x64
		{B3361754-610C-4D24-B7D2-DB9B67373474}.Release|x64.Build.0 = Release|x64
		{B3361754-610C-4D24-B7D2-DB9B67373474}.Release|x86.ActiveCfg = Release|Win32
		{B3361754-610C-4D24-B7D2-DB9B67373474}.Release|x86.Build.0 = Release|Win32
		{FEA824EB-2275-41A4-823C-FAEC0146F11F}.Debug|x64.ActiveCfg = Debug|x64
		{FEA824EB-2275-41A4-823C-FAEC0146F11F}.Debug|x64.Build.0 = Debug|x64
		{FEA824EB-2275-41A4-823C-FAEC0146F11F}.Debug|x86.ActiveCfg = Debug|Win32
		{FEA824EB-2275-41A4-823C-FAEC0146F11F}.Debug|x86.Build.0 = Debug|Win32
		{FEA824EB-2275-41A4-823C-FAEC0146F11F}.Release|x64.ActiveCfg = Release|x64
		{FEA824EB-2275-41A4-823C-FAEC0146F11F}.Release|x64.Build.0 = Release|x64
		{FEA824EB-2275-41A4-823C-FAEC0146F11F}.Release|x86.ActiveCfg = Release|Win32
		{FEA824EB-2275-41A4-823C-FAEC0146F11F}.Release|x86.Build.0 = Release|Win32
		{D1576716-220A-42B9-9542-C7CDB2D4E35C}.Debug|x64.ActiveCfg = Debug|x64
		{D1576716-220A-42B9-9542-C7CDB2D4E35C}.Debug|x64.Build.0 = Debug|x64
		{D1576716-220A-42B9-9542-C7CDB2D4E35C}.Debug|x86.ActiveCfg = Debug|Win32
		{D1576716-220A-42B9-9542-C7CDB2D4E35C}.Debug|x86.Build.0 = Debug|Win32
		{D1576716-220A-42B9-9542-C7CDB2D4E35C}.Release|x64.ActiveCfg = Release|x64
		{D1576716-220A-42B9-9542-C7CDB2D4E35C}.Release|x64.Build.0 = Release|x64
		{D1576716-220A-42B9-9542-C7CDB2D4E35C}.Release|x86.ActiveCfg = Release|Win32
		{D1576716-220A-42B9-9542-C7CDB2D4E35C}.Release|x86.Build.0 = Release|Win32
		{5B45B8D3-6015-4CC2-B81D-DA3BEAC0CEB6}.Debug|x64.ActiveCfg = Debug|x64
		{5B45B8D3-6015-4CC2-B81D-DA3BEAC0CEB6}.Debug|x64.Build.0 = Debug|x64
		{5B45B8D3-6015-4CC2-B81D-DA3BEAC0CEB6}.Debug|x86.ActiveCfg = Debug|Win32
		{5B45B8D3-6015-4CC2-B81D-DA3BEAC0CEB6}.Debug|x86.Build.0 = Debug|Win32
		{5B45B8D3-6015-4CC2-B81D-DA3BEAC0CEB6}.Release|x64.ActiveCfg = Release|x64
		{5B45B8D3-6015-4CC2-B81D-DA3BEAC0CEB6}.Release|x64.Build.0 = Release|x64
		{5B45B8D3-6015-4CC2-B81D-DA3BEAC0CEB6}.Release|x86.ActiveCfg = Release|Win32
		{5B45B8D3-6015-4CC2-B81D-DA3BEAC0CEB6}.Release|x86.Build.0 = Release|Win32
		{AEFAC7F2-D85A-469C-9E42-8488DABE938B}.Debug|x64.ActiveCfg = Debug|x64
		{AEFAC7F2-D85A-469C-9E42-8488DABE938B}.Debug|x64.Build.0 = Debug|x64
		{AEFAC7F2-D85A-469C-9E42-8488DABE938B}.Debug|x86.ActiveCfg = Debug|Win32
		{AEFAC7F2-D85A-469C-9E42-8488DABE938B}.Debug|x86.Build.0 = Debug|Win32
		{AEFAC7F2-D85A-469C-9E42-8488DABE938B}.Release|x64.ActiveCfg = Release|x64
		{AEFAC7F2-D85A-469C-9E42-8488DABE938B}.Release|x64.Build.0 = Release|x64
		{AEFAC7F2-D85A-469C-9E42-8488DABE938B}.Release|x86.ActiveCfg = Release|Win32
		{AEFAC7F2-D85A-469C-9E42-8488DABE938B}.Release|x86.Build.0 = Release|Win32
		{AF1DF087-20B2-40DB-B6D8-2B875703EC69}.Debug|x64.ActiveCfg = Debug|x64
		{AF1DF087-20B2-40DB-B6D8-2B875703EC69}.Debug|x64.Build.0 = Debug|x64
		{AF1DF087-20B2-40DB-B6D8-2B875703EC69}.Debug|x86.ActiveCfg = Debug|Win32
		{AF1DF087-20B2-40DB-B6D8-2B875703EC69}.Debug|x86.Build.0 = Debug|Win32
		{AF1DF087-20B2-40DB-B6D8-2B875703EC69}.Release|x64.ActiveCfg = Release|x64
		{AF1DF087-20B2-40DB-B6D8-2B875703EC69}.Release|x64.Build.0 = Release|x64
		{AF1DF087-20B2-40DB-B6D8-2B875703EC69}.Release|x86.ActiveCfg = Release|Win32
		{AF1DF087-20B2-40DB-B6D8-2B875703EC69}.Release|x86.Build.0 = Release|Win32
		{E85E74E5-E8E5-4E37-A7E2-1B6BBA96A185}.Debug|x64.ActiveCfg = Debug|x64
		{E85E74E5-E8E5-4E37-A7E2-1B6BBA96A185}.Debug|x64.Build.0 = Debug|x64
		{E85E74E5-E8E5-4E37-A7E2-1B6BBA96A185}.Debug|x86.ActiveCfg = Debug|Win32
		{E85E74E5-E8E5-4E37-A7E2-1B6BBA96A185}.Debug|x86.Build.0 = Debug|Win32
		{E85E74E5-E8E5-4E37-A7E2-1B6BBA96A185}.Release|x64.ActiveCfg = Release|x64
		{E85E74E5-E8E5-4E37-A7E2-1B6BBA96A185}.Release|x64.Build.0 = Release|x64
		{E85E74E5-E8E5-4E37-A7E2-1B6BBA96A185}.Release|x86.ActiveCfg = Release|Win32
		{E85E74E5-E8E5-4E37-A7E2-1B6BBA96A185}.Release|x86.Build.0 = Release|Win32
	EndGlobalSection
	GlobalSection(SolutionProperties) = preSolution
		HideSolutionNode = FALSE
	EndGlobalSection
	GlobalSection(NestedProjects) = preSolution
		{D1576716-220A-42B9-9542-C7CDB2D4E35C} = {EA871164-8504-4A6B-BEF9-0A56C796424A}
		{5B45B8D3-6015-4CC2-B81D-DA3BEAC0CEB6} = {525F13B0-0FBC-4EE5-A108-73D5EEE31D29}
		{AEFAC7F2-D85A-469C-9E42-8488DABE938B} = {9963485D-89C6-44A3-8284-363B510A61BC}
		{AF1DF087-20B2-40DB-B6D8-2B875703EC69} = {525F13B0-0FBC-4EE5-A108-73D5EEE31D29}
		{E85E74E5-E8E5-4E37-A7E2-1B6BBA96A185} = {525F13B0-0FBC-4EE5-A108-73D5EEE31D29}
	EndGlobalSection
EndGlobal
