
Microsoft Visual Studio Solution File, Format Version 12.00
# Visual Studio 14
VisualStudioVersion = 14.0.25420.1
MinimumVisualStudioVersion = 10.0.40219.1
Project("{8BC9CEB8-8B4A-11D0-8D11-00A0C91BC942}") = "GlobalMemory", "GlobalMemory\GlobalMemory.vcxproj", "{31A9F478-B2E2-444E-B786-EF9A9EF28148}"
EndProject
Project("{8BC9CEB8-8B4A-11D0-8D11-00A0C91BC942}") = "StaticGlobalMemory", "StaticGlobalMemory\StaticGlobalMemory.vcxproj", "{D36E2947-4715-4B1F-AD54-704178696011}"
EndProject
Project("{8BC9CEB8-8B4A-11D0-8D11-00A0C91BC942}") = "SimpleMemoryTransfer", "SimpleMemoryTransfer\SimpleMemoryTransfer.vcxproj", "{0343F5D5-A360-4C66-84D6-8220D3604DEC}"
EndProject
Project("{8BC9CEB8-8B4A-11D0-8D11-00A0C91BC942}") = "PinnedMemoryTransfer", "PinnedMemoryTransfer\PinnedMemoryTransfer.vcxproj", "{E689F194-1F7B-44C5-A980-781630E103D1}"
EndProject
Project("{8BC9CEB8-8B4A-11D0-8D11-00A0C91BC942}") = "SumArrayZerocopy", "SumArrayZerocopy\SumArrayZerocopy.vcxproj", "{D241A039-A1A0-4058-815D-F8CF24AF8237}"
EndProject
Project("{8BC9CEB8-8B4A-11D0-8D11-00A0C91BC942}") = "UnifiedVirtualAddressing", "UnifiedVirtualAddressing\UnifiedVirtualAddressing.vcxproj", "{505B98CB-54F0-4F08-BFC5-2C97BA17D35E}"
EndProject
Project("{8BC9CEB8-8B4A-11D0-8D11-00A0C91BC942}") = "ReadMemoryWithOffset", "ReadMemoryWithOffset\ReadMemoryWithOffset.vcxproj", "{B3361754-610C-4D24-B7D2-DB9B67373474}"
EndProject
Global
	GlobalSection(SolutionConfigurationPlatforms) = preSolution
		Debug|x64 = Debug|x64
		Debug|x86 = Debug|x86
		Release|x64 = Release|x64
		Release|x86 = Release|x86
	EndGlobalSection
	GlobalSection(ProjectConfigurationPlatforms) = postSolution
		{31A9F478-B2E2-444E-B786-EF9A9EF28148}.Debug|x64.ActiveCfg = Debug|x64
		{31A9F478-B2E2-444E-B786-EF9A9EF28148}.Debug|x64.Build.0 = Debug|x64
		{31A9F478-B2E2-444E-B786-EF9A9EF28148}.Debug|x86.ActiveCfg = Debug|Win32
		{31A9F478-B2E2-444E-B786-EF9A9EF28148}.Debug|x86.Build.0 = Debug|Win32
		{31A9F478-B2E2-444E-B786-EF9A9EF28148}.Release|x64.ActiveCfg = Release|x64
		{31A9F478-B2E2-444E-B786-EF9A9EF28148}.Release|x64.Build.0 = Release|x64
		{31A9F478-B2E2-444E-B786-EF9A9EF28148}.Release|x86.ActiveCfg = Release|Win32
		{31A9F478-B2E2-444E-B786-EF9A9EF28148}.Release|x86.Build.0 = Release|Win32
		{D36E2947-4715-4B1F-AD54-704178696011}.Debug|x64.ActiveCfg = Debug|x64
		{D36E2947-4715-4B1F-AD54-704178696011}.Debug|x64.Build.0 = Debug|x64
		{D36E2947-4715-4B1F-AD54-704178696011}.Debug|x86.ActiveCfg = Debug|Win32
		{D36E2947-4715-4B1F-AD54-704178696011}.Debug|x86.Build.0 = Debug|Win32
		{D36E2947-4715-4B1F-AD54-704178696011}.Release|x64.ActiveCfg = Release|x64
		{D36E2947-4715-4B1F-AD54-704178696011}.Release|x64.Build.0 = Release|x64
		{D36E2947-4715-4B1F-AD54-704178696011}.Release|x86.ActiveCfg = Release|Win32
		{D36E2947-4715-4B1F-AD54-704178696011}.Release|x86.Build.0 = Release|Win32
		{0343F5D5-A360-4C66-84D6-8220D3604DEC}.Debug|x64.ActiveCfg = Debug|x64
		{0343F5D5-A360-4C66-84D6-8220D3604DEC}.Debug|x64.Build.0 = Debug|x64
		{0343F5D5-A360-4C66-84D6-8220D3604DEC}.Debug|x86.ActiveCfg = Debug|Win32
		{0343F5D5-A360-4C66-84D6-8220D3604DEC}.Debug|x86.Build.0 = Debug|Win32
		{0343F5D5-A360-4C66-84D6-8220D3604DEC}.Release|x64.ActiveCfg = Release|x64
		{0343F5D5-A360-4C66-84D6-8220D3604DEC}.Release|x64.Build.0 = Release|x64
		{0343F5D5-A360-4C66-84D6-8220D3604DEC}.Release|x86.ActiveCfg = Release|Win32
		{0343F5D5-A360-4C66-84D6-8220D3604DEC}.Release|x86.Build.0 = Release|Win32
		{E689F194-1F7B-44C5-A980-781630E103D1}.Debug|x64.ActiveCfg = Debug|x64
		{E689F194-1F7B-44C5-A980-781630E103D1}.Debug|x64.Build.0 = Debug|x64
		{E689F194-1F7B-44C5-A980-781630E103D1}.Debug|x86.ActiveCfg = Debug|Win32
		{E689F194-1F7B-44C5-A980-781630E103D1}.Debug|x86.Build.0 = Debug|Win32
		{E689F194-1F7B-44C5-A980-781630E103D1}.Release|x64.ActiveCfg = Release|x64
		{E689F194-1F7B-44C5-A980-781630E103D1}.Release|x64.Build.0 = Release|x64
		{E689F194-1F7B-44C5-A980-781630E103D1}.Release|x86.ActiveCfg = Release|Win32
		{E689F194-1F7B-44C5-A980-781630E103D1}.Release|x86.Build.0 = Release|Win32
		{D241A039-A1A0-4058-815D-F8CF24AF8237}.Debug|x64.ActiveCfg = Debug|x64
		{D241A039-A1A0-4058-815D-F8CF24AF8237}.Debug|x64.Build.0 = Debug|x64
		{D241A039-A1A0-4058-815D-F8CF24AF8237}.Debug|x86.ActiveCfg = Debug|Win32
		{D241A039-A1A0-4058-815D-F8CF24AF8237}.Debug|x86.Build.0 = Debug|Win32
		{D241A039-A1A0-4058-815D-F8CF24AF8237}.Release|x64.ActiveCfg = Release|x64
		{D241A039-A1A0-4058-815D-F8CF24AF8237}.Release|x64.Build.0 = Release|x64
		{D241A039-A1A0-4058-815D-F8CF24AF8237}.Release|x86.ActiveCfg = Release|Win32
		{D241A039-A1A0-4058-815D-F8CF24AF8237}.Release|x86.Build.0 = Release|Win32
		{505B98CB-54F0-4F08-BFC5-2C97BA17D35E}.Debug|x64.ActiveCfg = Debug|x64
		{505B98CB-54F0-4F08-BFC5-2C97BA17D35E}.Debug|x64.Build.0 = Debug|x64
		{505B98CB-54F0-4F08-BFC5-2C97BA17D35E}.Debug|x86.ActiveCfg = Debug|Win32
		{505B98CB-54F0-4F08-BFC5-2C97BA17D35E}.Debug|x86.Build.0 = Debug|Win32
		{505B98CB-54F0-4F08-BFC5-2C97BA17D35E}.Release|x64.ActiveCfg = Release|x64
		{505B98CB-54F0-4F08-BFC5-2C97BA17D35E}.Release|x64.Build.0 = Release|x64
		{505B98CB-54F0-4F08-BFC5-2C97BA17D35E}.Release|x86.ActiveCfg = Release|Win32
		{505B98CB-54F0-4F08-BFC5-2C97BA17D35E}.Release|x86.Build.0 = Release|Win32
		{B3361754-610C-4D24-B7D2-DB9B67373474}.Debug|x64.ActiveCfg = Debug|x64
		{B3361754-610C-4D24-B7D2-DB9B67373474}.Debug|x64.Build.0 = Debug|x64
		{B3361754-610C-4D24-B7D2-DB9B67373474}.Debug|x86.ActiveCfg = Debug|Win32
		{B3361754-610C-4D24-B7D2-DB9B67373474}.Debug|x86.Build.0 = Debug|Win32
		{B3361754-610C-4D24-B7D2-DB9B67373474}.Release|x64.ActiveCfg = Release|x64
		{B3361754-610C-4D24-B7D2-DB9B67373474}.Release|x64.Build.0 = Release|x64
		{B3361754-610C-4D24-B7D2-DB9B67373474}.Release|x86.ActiveCfg = Release|Win32
		{B3361754-610C-4D24-B7D2-DB9B67373474}.Release|x86.Build.0 = Release|Win32
	EndGlobalSection
	GlobalSection(SolutionProperties) = preSolution
		HideSolutionNode = FALSE
	EndGlobalSection
EndGlobal
